// !$*UTF8*$!
{
	archiveVersion = 1;
	classes = {
	};
	objectVersion = 51;
	objects = {

/* Begin PBXBuildFile section */
		3C55D01223BF62C600EA5F64 /* SocialSharing.swift in Sources */ = {isa = PBXBuildFile; fileRef = 3C55D01123BF62C600EA5F64 /* SocialSharing.swift */; };
		3C55D01423BF63B400EA5F64 /* SocialSharer.swift in Sources */ = {isa = PBXBuildFile; fileRef = 3C55D01323BF63B400EA5F64 /* SocialSharer.swift */; };
		3C5B44C723B9EEFD00752C2B /* ThemeCreator.swift in Sources */ = {isa = PBXBuildFile; fileRef = 3C5B44C623B9EEFD00752C2B /* ThemeCreator.swift */; };
		3C5B44C923B9EF0600752C2B /* Themes.swift in Sources */ = {isa = PBXBuildFile; fileRef = 3C5B44C823B9EF0600752C2B /* Themes.swift */; };
		3CA9503123A7B372006C2AA9 /* ApplyColorFilter.swift in Sources */ = {isa = PBXBuildFile; fileRef = 3CA9503023A7B372006C2AA9 /* ApplyColorFilter.swift */; };
		3CA9503323A7B5EB006C2AA9 /* DataService.swift in Sources */ = {isa = PBXBuildFile; fileRef = 3CA9503223A7B5EB006C2AA9 /* DataService.swift */; };
		3CA9503623A7CACB006C2AA9 /* GistModel.swift in Sources */ = {isa = PBXBuildFile; fileRef = 3CA9503523A7CACB006C2AA9 /* GistModel.swift */; };
		3CBECF70238D1CE0003040BF /* MainView.swift in Sources */ = {isa = PBXBuildFile; fileRef = 3C139698238D197700BDC619 /* MainView.swift */; };
		3CC0438D23AB745D00EAB4B6 /* AppSettings.swift in Sources */ = {isa = PBXBuildFile; fileRef = 3CC0438C23AB745D00EAB4B6 /* AppSettings.swift */; };
		3CCFFF8923E9662A005C37C9 /* GRDB.framework in Frameworks */ = {isa = PBXBuildFile; fileRef = 3CCFFF8823E9662A005C37C9 /* GRDB.framework */; };
		3CCFFF8E23E969A0005C37C9 /* OnursPlaygroundDb.sqlite in Resources */ = {isa = PBXBuildFile; fileRef = 3CCFFF8D23E969A0005C37C9 /* OnursPlaygroundDb.sqlite */; };
		3CCFFF9123E97845005C37C9 /* OperationsManager.swift in Sources */ = {isa = PBXBuildFile; fileRef = 3CCFFF9023E97845005C37C9 /* OperationsManager.swift */; };
		3CE5B1DF23E9655D004D1806 /* DatabaseConnector.swift in Sources */ = {isa = PBXBuildFile; fileRef = 3CE5B1DE23E9655D004D1806 /* DatabaseConnector.swift */; };
		3CEA52D423618D7D005048F6 /* AppDelegate.m in Sources */ = {isa = PBXBuildFile; fileRef = 3CEA52D323618D7D005048F6 /* AppDelegate.m */; };
		3CEA52D723618D7D005048F6 /* SceneDelegate.m in Sources */ = {isa = PBXBuildFile; fileRef = 3CEA52D623618D7D005048F6 /* SceneDelegate.m */; };
		3CEA52DA23618D7D005048F6 /* ViewController.m in Sources */ = {isa = PBXBuildFile; fileRef = 3CEA52D923618D7D005048F6 /* ViewController.m */; };
		3CEA52DD23618D7D005048F6 /* Main.storyboard in Resources */ = {isa = PBXBuildFile; fileRef = 3CEA52DB23618D7D005048F6 /* Main.storyboard */; };
		3CEA52DF23618D7F005048F6 /* Assets.xcassets in Resources */ = {isa = PBXBuildFile; fileRef = 3CEA52DE23618D7F005048F6 /* Assets.xcassets */; };
		3CEA52E223618D7F005048F6 /* LaunchScreen.storyboard in Resources */ = {isa = PBXBuildFile; fileRef = 3CEA52E023618D7F005048F6 /* LaunchScreen.storyboard */; };
		3CEA52E523618D7F005048F6 /* main.m in Sources */ = {isa = PBXBuildFile; fileRef = 3CEA52E423618D7F005048F6 /* main.m */; };
		3CF083B723B25FB3007A1A8F /* LaptopBuilder.swift in Sources */ = {isa = PBXBuildFile; fileRef = 3CF083B623B25FB3007A1A8F /* LaptopBuilder.swift */; };
		3CF083B923B2660A007A1A8F /* LaptopInformation.swift in Sources */ = {isa = PBXBuildFile; fileRef = 3CF083B823B2660A007A1A8F /* LaptopInformation.swift */; };
		3CFE422723B246C30037623C /* PointAndShape.swift in Sources */ = {isa = PBXBuildFile; fileRef = 3CFE422623B246C30037623C /* PointAndShape.swift */; };
		4362D8DBA7199871CCD790FB /* Pods_Playground.framework in Frameworks */ = {isa = PBXBuildFile; fileRef = ED603E2C17378EB80B7D8653 /* Pods_Playground.framework */; };
/* End PBXBuildFile section */

/* Begin PBXFileReference section */
		285503A9FFCB207623D22123 /* Pods-Playground.debug.xcconfig */ = {isa = PBXFileReference; includeInIndex = 1; lastKnownFileType = text.xcconfig; name = "Pods-Playground.debug.xcconfig"; path = "Target Support Files/Pods-Playground/Pods-Playground.debug.xcconfig"; sourceTree = "<group>"; };
		3C139697238D197600BDC619 /* Playground-Bridging-Header.h */ = {isa = PBXFileReference; lastKnownFileType = sourcecode.c.h; path = "Playground-Bridging-Header.h"; sourceTree = "<group>"; };
		3C139698238D197700BDC619 /* MainView.swift */ = {isa = PBXFileReference; lastKnownFileType = sourcecode.swift; path = MainView.swift; sourceTree = "<group>"; };
		3C55D01123BF62C600EA5F64 /* SocialSharing.swift */ = {isa = PBXFileReference; lastKnownFileType = sourcecode.swift; path = SocialSharing.swift; sourceTree = "<group>"; };
		3C55D01323BF63B400EA5F64 /* SocialSharer.swift */ = {isa = PBXFileReference; lastKnownFileType = sourcecode.swift; path = SocialSharer.swift; sourceTree = "<group>"; };
		3C5B44C623B9EEFD00752C2B /* ThemeCreator.swift */ = {isa = PBXFileReference; lastKnownFileType = sourcecode.swift; path = ThemeCreator.swift; sourceTree = "<group>"; };
		3C5B44C823B9EF0600752C2B /* Themes.swift */ = {isa = PBXFileReference; lastKnownFileType = sourcecode.swift; path = Themes.swift; sourceTree = "<group>"; };
		3CA9503023A7B372006C2AA9 /* ApplyColorFilter.swift */ = {isa = PBXFileReference; lastKnownFileType = sourcecode.swift; path = ApplyColorFilter.swift; sourceTree = "<group>"; };
		3CA9503223A7B5EB006C2AA9 /* DataService.swift */ = {isa = PBXFileReference; lastKnownFileType = sourcecode.swift; path = DataService.swift; sourceTree = "<group>"; };
		3CA9503523A7CACB006C2AA9 /* GistModel.swift */ = {isa = PBXFileReference; lastKnownFileType = sourcecode.swift; path = GistModel.swift; sourceTree = "<group>"; };
		3CC0438C23AB745D00EAB4B6 /* AppSettings.swift */ = {isa = PBXFileReference; lastKnownFileType = sourcecode.swift; path = AppSettings.swift; sourceTree = "<group>"; };
		3CCFFF8823E9662A005C37C9 /* GRDB.framework */ = {isa = PBXFileReference; explicitFileType = wrapper.framework; path = GRDB.framework; sourceTree = BUILT_PRODUCTS_DIR; };
		3CCFFF8D23E969A0005C37C9 /* OnursPlaygroundDb.sqlite */ = {isa = PBXFileReference; lastKnownFileType = file; path = OnursPlaygroundDb.sqlite; sourceTree = "<group>"; };
		3CCFFF9023E97845005C37C9 /* OperationsManager.swift */ = {isa = PBXFileReference; lastKnownFileType = sourcecode.swift; path = OperationsManager.swift; sourceTree = "<group>"; };
		3CE5B1DE23E9655D004D1806 /* DatabaseConnector.swift */ = {isa = PBXFileReference; lastKnownFileType = sourcecode.swift; path = DatabaseConnector.swift; sourceTree = "<group>"; };
		3CEA52CF23618D7D005048F6 /* Playground.app */ = {isa = PBXFileReference; explicitFileType = wrapper.application; includeInIndex = 0; path = Playground.app; sourceTree = BUILT_PRODUCTS_DIR; };
		3CEA52D223618D7D005048F6 /* AppDelegate.h */ = {isa = PBXFileReference; lastKnownFileType = sourcecode.c.h; path = AppDelegate.h; sourceTree = "<group>"; };
		3CEA52D323618D7D005048F6 /* AppDelegate.m */ = {isa = PBXFileReference; lastKnownFileType = sourcecode.c.objc; path = AppDelegate.m; sourceTree = "<group>"; };
		3CEA52D523618D7D005048F6 /* SceneDelegate.h */ = {isa = PBXFileReference; lastKnownFileType = sourcecode.c.h; path = SceneDelegate.h; sourceTree = "<group>"; };
		3CEA52D623618D7D005048F6 /* SceneDelegate.m */ = {isa = PBXFileReference; lastKnownFileType = sourcecode.c.objc; path = SceneDelegate.m; sourceTree = "<group>"; };
		3CEA52D823618D7D005048F6 /* ViewController.h */ = {isa = PBXFileReference; lastKnownFileType = sourcecode.c.h; path = ViewController.h; sourceTree = "<group>"; };
		3CEA52D923618D7D005048F6 /* ViewController.m */ = {isa = PBXFileReference; lastKnownFileType = sourcecode.c.objc; path = ViewController.m; sourceTree = "<group>"; };
		3CEA52DC23618D7D005048F6 /* Base */ = {isa = PBXFileReference; lastKnownFileType = file.storyboard; name = Base; path = Base.lproj/Main.storyboard; sourceTree = "<group>"; };
		3CEA52DE23618D7F005048F6 /* Assets.xcassets */ = {isa = PBXFileReference; lastKnownFileType = folder.assetcatalog; path = Assets.xcassets; sourceTree = "<group>"; };
		3CEA52E123618D7F005048F6 /* Base */ = {isa = PBXFileReference; lastKnownFileType = file.storyboard; name = Base; path = Base.lproj/LaunchScreen.storyboard; sourceTree = "<group>"; };
		3CEA52E323618D7F005048F6 /* Info.plist */ = {isa = PBXFileReference; lastKnownFileType = text.plist.xml; path = Info.plist; sourceTree = "<group>"; };
		3CEA52E423618D7F005048F6 /* main.m */ = {isa = PBXFileReference; lastKnownFileType = sourcecode.c.objc; path = main.m; sourceTree = "<group>"; };
		3CF083B623B25FB3007A1A8F /* LaptopBuilder.swift */ = {isa = PBXFileReference; lastKnownFileType = sourcecode.swift; path = LaptopBuilder.swift; sourceTree = "<group>"; };
		3CF083B823B2660A007A1A8F /* LaptopInformation.swift */ = {isa = PBXFileReference; lastKnownFileType = sourcecode.swift; path = LaptopInformation.swift; sourceTree = "<group>"; };
		3CFE422623B246C30037623C /* PointAndShape.swift */ = {isa = PBXFileReference; lastKnownFileType = sourcecode.swift; path = PointAndShape.swift; sourceTree = "<group>"; };
		939A53382F764FB01B508446 /* Pods-Playground.release.xcconfig */ = {isa = PBXFileReference; includeInIndex = 1; lastKnownFileType = text.xcconfig; name = "Pods-Playground.release.xcconfig"; path = "Target Support Files/Pods-Playground/Pods-Playground.release.xcconfig"; sourceTree = "<group>"; };
		ED603E2C17378EB80B7D8653 /* Pods_Playground.framework */ = {isa = PBXFileReference; explicitFileType = wrapper.framework; includeInIndex = 0; path = Pods_Playground.framework; sourceTree = BUILT_PRODUCTS_DIR; };
/* End PBXFileReference section */

/* Begin PBXFrameworksBuildPhase section */
		3CEA52CC23618D7D005048F6 /* Frameworks */ = {
			isa = PBXFrameworksBuildPhase;
			buildActionMask = 2147483647;
			files = (
				3CCFFF8923E9662A005C37C9 /* GRDB.framework in Frameworks */,
				4362D8DBA7199871CCD790FB /* Pods_Playground.framework in Frameworks */,
			);
			runOnlyForDeploymentPostprocessing = 0;
		};
/* End PBXFrameworksBuildPhase section */

/* Begin PBXGroup section */
		129A7025B93ECA525DBE5C48 /* Frameworks */ = {
			isa = PBXGroup;
			children = (
				3CCFFF8823E9662A005C37C9 /* GRDB.framework */,
				ED603E2C17378EB80B7D8653 /* Pods_Playground.framework */,
			);
			name = Frameworks;
			sourceTree = "<group>";
		};
		3C55D00E23BF628100EA5F64 /* Structural Patterns */ = {
			isa = PBXGroup;
			children = (
				3C55D01023BF62B000EA5F64 /* Adapter */,
			);
			path = "Structural Patterns";
			sourceTree = "<group>";
		};
		3C55D00F23BF629500EA5F64 /* Creational Patterns */ = {
			isa = PBXGroup;
			children = (
				3C5B44C523B9EEDE00752C2B /* The Factory Method */,
				3CF083B523B25E10007A1A8F /* The Builder */,
				3CFE422523B2452B0037623C /* The Prototype */,
				3CC0438B23AB744700EAB4B6 /* The Singleton */,
			);
			path = "Creational Patterns";
			sourceTree = "<group>";
		};
		3C55D01023BF62B000EA5F64 /* Adapter */ = {
			isa = PBXGroup;
			children = (
				3C55D01123BF62C600EA5F64 /* SocialSharing.swift */,
				3C55D01323BF63B400EA5F64 /* SocialSharer.swift */,
			);
			path = Adapter;
			sourceTree = "<group>";
		};
		3C5B44C523B9EEDE00752C2B /* The Factory Method */ = {
			isa = PBXGroup;
			children = (
				3C5B44C623B9EEFD00752C2B /* ThemeCreator.swift */,
				3C5B44C823B9EF0600752C2B /* Themes.swift */,
			);
			path = "The Factory Method";
			sourceTree = "<group>";
		};
		3CA9503423A7CA9B006C2AA9 /* Github Service and Models */ = {
			isa = PBXGroup;
			children = (
				3CA9503223A7B5EB006C2AA9 /* DataService.swift */,
				3CA9503523A7CACB006C2AA9 /* GistModel.swift */,
			);
			path = "Github Service and Models";
			sourceTree = "<group>";
		};
		3CA9503723A7CB1D006C2AA9 /* Image related codes */ = {
			isa = PBXGroup;
			children = (
				3CA9503023A7B372006C2AA9 /* ApplyColorFilter.swift */,
			);
			path = "Image related codes";
			sourceTree = "<group>";
		};
		3CC0438923AB742B00EAB4B6 /* Desing Patterns */ = {
			isa = PBXGroup;
			children = (
				3C55D00F23BF629500EA5F64 /* Creational Patterns */,
				3C55D00E23BF628100EA5F64 /* Structural Patterns */,
			);
			path = "Desing Patterns";
			sourceTree = "<group>";
		};
		3CC0438B23AB744700EAB4B6 /* The Singleton */ = {
			isa = PBXGroup;
			children = (
				3CC0438C23AB745D00EAB4B6 /* AppSettings.swift */,
			);
			path = "The Singleton";
			sourceTree = "<group>";
		};
		3CCFFF8F23E977DF005C37C9 /* DatabaseManagers */ = {
			isa = PBXGroup;
			children = (
				3CCFFF9023E97845005C37C9 /* OperationsManager.swift */,
			);
			path = DatabaseManagers;
			sourceTree = "<group>";
		};
		3CE5B1DB23E959E8004D1806 /* Database */ = {
			isa = PBXGroup;
			children = (
				3CCFFF8F23E977DF005C37C9 /* DatabaseManagers */,
				3CCFFF8D23E969A0005C37C9 /* OnursPlaygroundDb.sqlite */,
				3CE5B1DE23E9655D004D1806 /* DatabaseConnector.swift */,
			);
			path = Database;
			sourceTree = "<group>";
		};
		3CEA52C623618D7D005048F6 = {
			isa = PBXGroup;
			children = (
				3CEA52D123618D7D005048F6 /* Playground */,
				3CEA52D023618D7D005048F6 /* Products */,
				B32A3DB0D40AE33F74B77179 /* Pods */,
				129A7025B93ECA525DBE5C48 /* Frameworks */,
			);
			sourceTree = "<group>";
		};
		3CEA52D023618D7D005048F6 /* Products */ = {
			isa = PBXGroup;
			children = (
				3CEA52CF23618D7D005048F6 /* Playground.app */,
			);
			name = Products;
			sourceTree = "<group>";
		};
		3CEA52D123618D7D005048F6 /* Playground */ = {
			isa = PBXGroup;
			children = (
				3CE5B1DB23E959E8004D1806 /* Database */,
				3CC0438923AB742B00EAB4B6 /* Desing Patterns */,
				3CA9503723A7CB1D006C2AA9 /* Image related codes */,
				3CA9503423A7CA9B006C2AA9 /* Github Service and Models */,
				3CEA52D223618D7D005048F6 /* AppDelegate.h */,
				3CEA52D323618D7D005048F6 /* AppDelegate.m */,
				3CEA52D523618D7D005048F6 /* SceneDelegate.h */,
				3CEA52D623618D7D005048F6 /* SceneDelegate.m */,
				3CEA52D823618D7D005048F6 /* ViewController.h */,
				3CEA52D923618D7D005048F6 /* ViewController.m */,
				3CEA52DB23618D7D005048F6 /* Main.storyboard */,
				3CEA52DE23618D7F005048F6 /* Assets.xcassets */,
				3CEA52E023618D7F005048F6 /* LaunchScreen.storyboard */,
				3CEA52E323618D7F005048F6 /* Info.plist */,
				3CEA52E423618D7F005048F6 /* main.m */,
				3C139698238D197700BDC619 /* MainView.swift */,
				3C139697238D197600BDC619 /* Playground-Bridging-Header.h */,
			);
			path = Playground;
			sourceTree = "<group>";
		};
		3CF083B523B25E10007A1A8F /* The Builder */ = {
			isa = PBXGroup;
			children = (
				3CF083B623B25FB3007A1A8F /* LaptopBuilder.swift */,
				3CF083B823B2660A007A1A8F /* LaptopInformation.swift */,
			);
			path = "The Builder";
			sourceTree = "<group>";
		};
		3CFE422523B2452B0037623C /* The Prototype */ = {
			isa = PBXGroup;
			children = (
				3CFE422623B246C30037623C /* PointAndShape.swift */,
			);
			path = "The Prototype";
			sourceTree = "<group>";
		};
		B32A3DB0D40AE33F74B77179 /* Pods */ = {
			isa = PBXGroup;
			children = (
				285503A9FFCB207623D22123 /* Pods-Playground.debug.xcconfig */,
				939A53382F764FB01B508446 /* Pods-Playground.release.xcconfig */,
			);
			path = Pods;
			sourceTree = "<group>";
		};
/* End PBXGroup section */

/* Begin PBXNativeTarget section */
		3CEA52CE23618D7D005048F6 /* Playground */ = {
			isa = PBXNativeTarget;
			buildConfigurationList = 3CEA52E823618D7F005048F6 /* Build configuration list for PBXNativeTarget "Playground" */;
			buildPhases = (
				4BEBA54B3625643E01007463 /* [CP] Check Pods Manifest.lock */,
				3CEA52CB23618D7D005048F6 /* Sources */,
				3CEA52CC23618D7D005048F6 /* Frameworks */,
				3CEA52CD23618D7D005048F6 /* Resources */,
				3B4FD29C825AD4E61910BCFD /* [CP] Embed Pods Frameworks */,
			);
			buildRules = (
			);
			dependencies = (
			);
			name = Playground;
			productName = Playground;
			productReference = 3CEA52CF23618D7D005048F6 /* Playground.app */;
			productType = "com.apple.product-type.application";
		};
/* End PBXNativeTarget section */

/* Begin PBXProject section */
		3CEA52C723618D7D005048F6 /* Project object */ = {
			isa = PBXProject;
			attributes = {
				LastUpgradeCheck = 1110;
				ORGANIZATIONNAME = "Onur Keskin";
				TargetAttributes = {
					3CEA52CE23618D7D005048F6 = {
						CreatedOnToolsVersion = 11.1;
						LastSwiftMigration = 1030;
					};
				};
			};
			buildConfigurationList = 3CEA52CA23618D7D005048F6 /* Build configuration list for PBXProject "Playground" */;
			compatibilityVersion = "Xcode 9.3";
			developmentRegion = en;
			hasScannedForEncodings = 0;
			knownRegions = (
				en,
				Base,
			);
			mainGroup = 3CEA52C623618D7D005048F6;
			productRefGroup = 3CEA52D023618D7D005048F6 /* Products */;
			projectDirPath = "";
			projectRoot = "";
			targets = (
				3CEA52CE23618D7D005048F6 /* Playground */,
			);
		};
/* End PBXProject section */

/* Begin PBXResourcesBuildPhase section */
		3CEA52CD23618D7D005048F6 /* Resources */ = {
			isa = PBXResourcesBuildPhase;
			buildActionMask = 2147483647;
			files = (
				3CEA52E223618D7F005048F6 /* LaunchScreen.storyboard in Resources */,
				3CEA52DF23618D7F005048F6 /* Assets.xcassets in Resources */,
				3CCFFF8E23E969A0005C37C9 /* OnursPlaygroundDb.sqlite in Resources */,
				3CEA52DD23618D7D005048F6 /* Main.storyboard in Resources */,
			);
			runOnlyForDeploymentPostprocessing = 0;
		};
/* End PBXResourcesBuildPhase section */

/* Begin PBXShellScriptBuildPhase section */
		3B4FD29C825AD4E61910BCFD /* [CP] Embed Pods Frameworks */ = {
			isa = PBXShellScriptBuildPhase;
			buildActionMask = 2147483647;
			files = (
			);
			inputFileListPaths = (
				"${PODS_ROOT}/Target Support Files/Pods-Playground/Pods-Playground-frameworks-${CONFIGURATION}-input-files.xcfilelist",
			);
			name = "[CP] Embed Pods Frameworks";
			outputFileListPaths = (
				"${PODS_ROOT}/Target Support Files/Pods-Playground/Pods-Playground-frameworks-${CONFIGURATION}-output-files.xcfilelist",
			);
			runOnlyForDeploymentPostprocessing = 0;
			shellPath = /bin/sh;
			shellScript = "\"${PODS_ROOT}/Target Support Files/Pods-Playground/Pods-Playground-frameworks.sh\"\n";
			showEnvVarsInLog = 0;
		};
		4BEBA54B3625643E01007463 /* [CP] Check Pods Manifest.lock */ = {
			isa = PBXShellScriptBuildPhase;
			buildActionMask = 2147483647;
			files = (
			);
			inputFileListPaths = (
			);
			inputPaths = (
				"${PODS_PODFILE_DIR_PATH}/Podfile.lock",
				"${PODS_ROOT}/Manifest.lock",
			);
			name = "[CP] Check Pods Manifest.lock";
			outputFileListPaths = (
			);
			outputPaths = (
				"$(DERIVED_FILE_DIR)/Pods-Playground-checkManifestLockResult.txt",
			);
			runOnlyForDeploymentPostprocessing = 0;
			shellPath = /bin/sh;
			shellScript = "diff \"${PODS_PODFILE_DIR_PATH}/Podfile.lock\" \"${PODS_ROOT}/Manifest.lock\" > /dev/null\nif [ $? != 0 ] ; then\n    # print error to STDERR\n    echo \"error: The sandbox is not in sync with the Podfile.lock. Run 'pod install' or update your CocoaPods installation.\" >&2\n    exit 1\nfi\n# This output is used by Xcode 'outputs' to avoid re-running this script phase.\necho \"SUCCESS\" > \"${SCRIPT_OUTPUT_FILE_0}\"\n";
			showEnvVarsInLog = 0;
		};
/* End PBXShellScriptBuildPhase section */

/* Begin PBXSourcesBuildPhase section */
		3CEA52CB23618D7D005048F6 /* Sources */ = {
			isa = PBXSourcesBuildPhase;
			buildActionMask = 2147483647;
			files = (
				3CFE422723B246C30037623C /* PointAndShape.swift in Sources */,
				3CEA52DA23618D7D005048F6 /* ViewController.m in Sources */,
				3CA9503323A7B5EB006C2AA9 /* DataService.swift in Sources */,
				3CCFFF9123E97845005C37C9 /* OperationsManager.swift in Sources */,
				3CE5B1DF23E9655D004D1806 /* DatabaseConnector.swift in Sources */,
				3CA9503623A7CACB006C2AA9 /* GistModel.swift in Sources */,
				3C55D01223BF62C600EA5F64 /* SocialSharing.swift in Sources */,
				3CF083B923B2660A007A1A8F /* LaptopInformation.swift in Sources */,
				3C5B44C723B9EEFD00752C2B /* ThemeCreator.swift in Sources */,
				3CEA52D423618D7D005048F6 /* AppDelegate.m in Sources */,
				3C5B44C923B9EF0600752C2B /* Themes.swift in Sources */,
				3CA9503123A7B372006C2AA9 /* ApplyColorFilter.swift in Sources */,
				3CC0438D23AB745D00EAB4B6 /* AppSettings.swift in Sources */,
				3CF083B723B25FB3007A1A8F /* LaptopBuilder.swift in Sources */,
				3CEA52E523618D7F005048F6 /* main.m in Sources */,
				3C55D01423BF63B400EA5F64 /* SocialSharer.swift in Sources */,
				3CBECF70238D1CE0003040BF /* MainView.swift in Sources */,
				3CEA52D723618D7D005048F6 /* SceneDelegate.m in Sources */,
			);
			runOnlyForDeploymentPostprocessing = 0;
		};
/* End PBXSourcesBuildPhase section */

/* Begin PBXVariantGroup section */
		3CEA52DB23618D7D005048F6 /* Main.storyboard */ = {
			isa = PBXVariantGroup;
			children = (
				3CEA52DC23618D7D005048F6 /* Base */,
			);
			name = Main.storyboard;
			sourceTree = "<group>";
		};
		3CEA52E023618D7F005048F6 /* LaunchScreen.storyboard */ = {
			isa = PBXVariantGroup;
			children = (
				3CEA52E123618D7F005048F6 /* Base */,
			);
			name = LaunchScreen.storyboard;
			sourceTree = "<group>";
		};
/* End PBXVariantGroup section */

/* Begin XCBuildConfiguration section */
		3CEA52E623618D7F005048F6 /* Debug */ = {
			isa = XCBuildConfiguration;
			buildSettings = {
				ALWAYS_SEARCH_USER_PATHS = NO;
				CLANG_ANALYZER_NONNULL = YES;
				CLANG_ANALYZER_NUMBER_OBJECT_CONVERSION = YES_AGGRESSIVE;
				CLANG_CXX_LANGUAGE_STANDARD = "gnu++14";
				CLANG_CXX_LIBRARY = "libc++";
				CLANG_ENABLE_MODULES = YES;
				CLANG_ENABLE_OBJC_ARC = YES;
				CLANG_ENABLE_OBJC_WEAK = YES;
				CLANG_WARN_BLOCK_CAPTURE_AUTORELEASING = YES;
				CLANG_WARN_BOOL_CONVERSION = YES;
				CLANG_WARN_COMMA = YES;
				CLANG_WARN_CONSTANT_CONVERSION = YES;
				CLANG_WARN_DEPRECATED_OBJC_IMPLEMENTATIONS = YES;
				CLANG_WARN_DIRECT_OBJC_ISA_USAGE = YES_ERROR;
				CLANG_WARN_DOCUMENTATION_COMMENTS = YES;
				CLANG_WARN_EMPTY_BODY = YES;
				CLANG_WARN_ENUM_CONVERSION = YES;
				CLANG_WARN_INFINITE_RECURSION = YES;
				CLANG_WARN_INT_CONVERSION = YES;
				CLANG_WARN_NON_LITERAL_NULL_CONVERSION = YES;
				CLANG_WARN_OBJC_IMPLICIT_RETAIN_SELF = YES;
				CLANG_WARN_OBJC_LITERAL_CONVERSION = YES;
				CLANG_WARN_OBJC_ROOT_CLASS = YES_ERROR;
				CLANG_WARN_RANGE_LOOP_ANALYSIS = YES;
				CLANG_WARN_STRICT_PROTOTYPES = YES;
				CLANG_WARN_SUSPICIOUS_MOVE = YES;
				CLANG_WARN_UNGUARDED_AVAILABILITY = YES_AGGRESSIVE;
				CLANG_WARN_UNREACHABLE_CODE = YES;
				CLANG_WARN__DUPLICATE_METHOD_MATCH = YES;
				COPY_PHASE_STRIP = NO;
				DEBUG_INFORMATION_FORMAT = dwarf;
				ENABLE_STRICT_OBJC_MSGSEND = YES;
				ENABLE_TESTABILITY = YES;
				GCC_C_LANGUAGE_STANDARD = gnu11;
				GCC_DYNAMIC_NO_PIC = NO;
				GCC_NO_COMMON_BLOCKS = YES;
				GCC_OPTIMIZATION_LEVEL = 0;
				GCC_PREPROCESSOR_DEFINITIONS = (
					"DEBUG=1",
					"$(inherited)",
				);
				GCC_WARN_64_TO_32_BIT_CONVERSION = YES;
				GCC_WARN_ABOUT_RETURN_TYPE = YES_ERROR;
				GCC_WARN_UNDECLARED_SELECTOR = YES;
				GCC_WARN_UNINITIALIZED_AUTOS = YES_AGGRESSIVE;
				GCC_WARN_UNUSED_FUNCTION = YES;
				GCC_WARN_UNUSED_VARIABLE = YES;
				IPHONEOS_DEPLOYMENT_TARGET = 13.1;
				MTL_ENABLE_DEBUG_INFO = INCLUDE_SOURCE;
				MTL_FAST_MATH = YES;
				ONLY_ACTIVE_ARCH = YES;
				SDKROOT = iphoneos;
			};
			name = Debug;
		};
		3CEA52E723618D7F005048F6 /* Release */ = {
			isa = XCBuildConfiguration;
			buildSettings = {
				ALWAYS_SEARCH_USER_PATHS = NO;
				CLANG_ANALYZER_NONNULL = YES;
				CLANG_ANALYZER_NUMBER_OBJECT_CONVERSION = YES_AGGRESSIVE;
				CLANG_CXX_LANGUAGE_STANDARD = "gnu++14";
				CLANG_CXX_LIBRARY = "libc++";
				CLANG_ENABLE_MODULES = YES;
				CLANG_ENABLE_OBJC_ARC = YES;
				CLANG_ENABLE_OBJC_WEAK = YES;
				CLANG_WARN_BLOCK_CAPTURE_AUTORELEASING = YES;
				CLANG_WARN_BOOL_CONVERSION = YES;
				CLANG_WARN_COMMA = YES;
				CLANG_WARN_CONSTANT_CONVERSION = YES;
				CLANG_WARN_DEPRECATED_OBJC_IMPLEMENTATIONS = YES;
				CLANG_WARN_DIRECT_OBJC_ISA_USAGE = YES_ERROR;
				CLANG_WARN_DOCUMENTATION_COMMENTS = YES;
				CLANG_WARN_EMPTY_BODY = YES;
				CLANG_WARN_ENUM_CONVERSION = YES;
				CLANG_WARN_INFINITE_RECURSION = YES;
				CLANG_WARN_INT_CONVERSION = YES;
				CLANG_WARN_NON_LITERAL_NULL_CONVERSION = YES;
				CLANG_WARN_OBJC_IMPLICIT_RETAIN_SELF = YES;
				CLANG_WARN_OBJC_LITERAL_CONVERSION = YES;
				CLANG_WARN_OBJC_ROOT_CLASS = YES_ERROR;
				CLANG_WARN_RANGE_LOOP_ANALYSIS = YES;
				CLANG_WARN_STRICT_PROTOTYPES = YES;
				CLANG_WARN_SUSPICIOUS_MOVE = YES;
				CLANG_WARN_UNGUARDED_AVAILABILITY = YES_AGGRESSIVE;
				CLANG_WARN_UNREACHABLE_CODE = YES;
				CLANG_WARN__DUPLICATE_METHOD_MATCH = YES;
				COPY_PHASE_STRIP = NO;
				DEBUG_INFORMATION_FORMAT = "dwarf-with-dsym";
				ENABLE_NS_ASSERTIONS = NO;
				ENABLE_STRICT_OBJC_MSGSEND = YES;
				GCC_C_LANGUAGE_STANDARD = gnu11;
				GCC_NO_COMMON_BLOCKS = YES;
				GCC_WARN_64_TO_32_BIT_CONVERSION = YES;
				GCC_WARN_ABOUT_RETURN_TYPE = YES_ERROR;
				GCC_WARN_UNDECLARED_SELECTOR = YES;
				GCC_WARN_UNINITIALIZED_AUTOS = YES_AGGRESSIVE;
				GCC_WARN_UNUSED_FUNCTION = YES;
				GCC_WARN_UNUSED_VARIABLE = YES;
				IPHONEOS_DEPLOYMENT_TARGET = 13.1;
				MTL_ENABLE_DEBUG_INFO = NO;
				MTL_FAST_MATH = YES;
				SDKROOT = iphoneos;
				VALIDATE_PRODUCT = YES;
			};
			name = Release;
		};
		3CEA52E923618D7F005048F6 /* Debug */ = {
			isa = XCBuildConfiguration;
			baseConfigurationReference = 285503A9FFCB207623D22123 /* Pods-Playground.debug.xcconfig */;
			buildSettings = {
				ASSETCATALOG_COMPILER_APPICON_NAME = AppIcon;
				CLANG_ENABLE_MODULES = YES;
				CODE_SIGN_STYLE = Automatic;
				DEFINES_MODULE = YES;
				DEVELOPMENT_TEAM = "";
				INFOPLIST_FILE = Playground/Info.plist;
				IPHONEOS_DEPLOYMENT_TARGET = 12.0;
				LD_RUNPATH_SEARCH_PATHS = (
					"$(inherited)",
					"@executable_path/Frameworks",
				);
				PRODUCT_BUNDLE_IDENTIFIER = com.ok.Playground;
				PRODUCT_NAME = "$(TARGET_NAME)";
				SWIFT_OBJC_BRIDGING_HEADER = "Playground/Playground-Bridging-Header.h";
				SWIFT_OPTIMIZATION_LEVEL = "-Onone";
				SWIFT_VERSION = 5.0;
				TARGETED_DEVICE_FAMILY = "1,2";
			};
			name = Debug;
		};
		3CEA52EA23618D7F005048F6 /* Release */ = {
			isa = XCBuildConfiguration;
			baseConfigurationReference = 939A53382F764FB01B508446 /* Pods-Playground.release.xcconfig */;
			buildSettings = {
				ASSETCATALOG_COMPILER_APPICON_NAME = AppIcon;
				CLANG_ENABLE_MODULES = YES;
				CODE_SIGN_STYLE = Automatic;
				DEFINES_MODULE = YES;
				DEVELOPMENT_TEAM = "";
				INFOPLIST_FILE = Playground/Info.plist;
				IPHONEOS_DEPLOYMENT_TARGET = 12.0;
				LD_RUNPATH_SEARCH_PATHS = (
					"$(inherited)",
					"@executable_path/Frameworks",
				);
				PRODUCT_BUNDLE_IDENTIFIER = com.ok.Playground;
				PRODUCT_NAME = "$(TARGET_NAME)";
				SWIFT_OBJC_BRIDGING_HEADER = "Playground/Playground-Bridging-Header.h";
				SWIFT_VERSION = 5.0;
				TARGETED_DEVICE_FAMILY = "1,2";
			};
			name = Release;
		};
/* End XCBuildConfiguration section */

/* Begin XCConfigurationList section */
		3CEA52CA23618D7D005048F6 /* Build configuration list for PBXProject "Playground" */ = {
			isa = XCConfigurationList;
			buildConfigurations = (
				3CEA52E623618D7F005048F6 /* Debug */,
				3CEA52E723618D7F005048F6 /* Release */,
			);
			defaultConfigurationIsVisible = 0;
			defaultConfigurationName = Release;
		};
		3CEA52E823618D7F005048F6 /* Build configuration list for PBXNativeTarget "Playground" */ = {
			isa = XCConfigurationList;
			buildConfigurations = (
				3CEA52E923618D7F005048F6 /* Debug */,
				3CEA52EA23618D7F005048F6 /* Release */,
			);
			defaultConfigurationIsVisible = 0;
			defaultConfigurationName = Release;
		};
/* End XCConfigurationList section */
	};
	rootObject = 3CEA52C723618D7D005048F6 /* Project object */;
}
